
Microsoft Visual Studio Solution File, Format Version 12.00
# Visual Studio Version 17
VisualStudioVersion = 17.0.31912.275
MinimumVisualStudioVersion = 10.0.40219.1
Project("{9A19103F-16F7-4668-BE54-9A1E7A4F7556}") = "LoanMgt.UI", "LoanMgt.UI\LoanMgt.UI.csproj", "{29ECDF3A-0725-4111-838B-014CD559AA3B}"
EndProject
Project("{9A19103F-16F7-4668-BE54-9A1E7A4F7556}") = "LoanMgt.SHARED", "LoanMgt.SHARED\LoanMgt.SHARED.csproj", "{CF4B387B-578F-4CEA-AEAA-E955BBD4AE8D}"
EndProject
Project("{9A19103F-16F7-4668-BE54-9A1E7A4F7556}") = "LoanMgt.TEST", "LoanMgt.TEST\LoanMgt.TEST.csproj", "{A66D99E1-F5B1-4B0D-9B5A-9B564A9FE773}"
EndProject
Global
	GlobalSection(SolutionConfigurationPlatforms) = preSolution
		Debug|Any CPU = Debug|Any CPU
		Release|Any CPU = Release|Any CPU
	EndGlobalSection
	GlobalSection(ProjectConfigurationPlatforms) = postSolution
		{29ECDF3A-0725-4111-838B-014CD559AA3B}.Debug|Any CPU.ActiveCfg = Debug|Any CPU
		{29ECDF3A-0725-4111-838B-014CD559AA3B}.Debug|Any CPU.Build.0 = Debug|Any CPU
		{29ECDF3A-0725-4111-838B-014CD559AA3B}.Release|Any CPU.ActiveCfg = Release|Any CPU
		{29ECDF3A-0725-4111-838B-014CD559AA3B}.Release|Any CPU.Build.0 = Release|Any CPU
		{CF4B387B-578F-4CEA-AEAA-E955BBD4AE8D}.Debug|Any CPU.ActiveCfg = Debug|Any CPU
		{CF4B387B-578F-4CEA-AEAA-E955BBD4AE8D}.Debug|Any CPU.Build.0 = Debug|Any CPU
		{CF4B387B-578F-4CEA-AEAA-E955BBD4AE8D}.Release|Any CPU.ActiveCfg = Release|Any CPU
		{CF4B387B-578F-4CEA-AEAA-E955BBD4AE8D}.Release|Any CPU.Build.0 = Release|Any CPU
		{A66D99E1-F5B1-4B0D-9B5A-9B564A9FE773}.Debug|Any CPU.ActiveCfg = Debug|Any CPU
		{A66D99E1-F5B1-4B0D-9B5A-9B564A9FE773}.Debug|Any CPU.Build.0 = Debug|Any CPU
		{A66D99E1-F5B1-4B0D-9B5A-9B564A9FE773}.Release|Any CPU.ActiveCfg = Release|Any CPU
		{A66D99E1-F5B1-4B0D-9B5A-9B564A9FE773}.Release|Any CPU.Build.0 = Release|Any CPU
	EndGlobalSection
	GlobalSection(SolutionProperties) = preSolution
		HideSolutionNode = FALSE
	EndGlobalSection
	GlobalSection(ExtensibilityGlobals) = postSolution
		SolutionGuid = {8A4DFD58-18DF-4AFE-9542-7F85B88F3488}
	EndGlobalSection
EndGlobal
